
Microsoft Visual Studio Solution File, Format Version 12.00
# Visual Studio Version 16
VisualStudioVersion = 16.0.33801.447
MinimumVisualStudioVersion = 10.0.40219.1
Project("{FAE04EC0-301F-11D3-BF4B-00C04F79EFBC}") = "V6", "V6\V6.csproj", "{F8F313FE-FBF5-4C2E-8218-8A00BF10F050}"
EndProject
Global
	GlobalSection(SolutionConfigurationPlatforms) = preSolution
		Debug|Any CPU = Debug|Any CPU
		Release|Any CPU = Release|Any CPU
	EndGlobalSection
	GlobalSection(ProjectConfigurationPlatforms) = postSolution
		{F8F313FE-FBF5-4C2E-8218-8A00BF10F050}.Debug|Any CPU.ActiveCfg = Debug|Any CPU
		{F8F313FE-FBF5-4C2E-8218-8A00BF10F050}.Debug|Any CPU.Build.0 = Debug|Any CPU
		{F8F313FE-FBF5-4C2E-8218-8A00BF10F050}.Release|Any CPU.ActiveCfg = Release|Any CPU
		{F8F313FE-FBF5-4C2E-8218-8A00BF10F050}.Release|Any CPU.Build.0 = Release|Any CPU
	EndGlobalSection
	GlobalSection(SolutionProperties) = preSolution
		HideSolutionNode = FALSE
	EndGlobalSection
	GlobalSection(ExtensibilityGlobals) = postSolution
		SolutionGuid = {9DF332F2-1A38-48A4-9F3F-665C7487ECB1}
	EndGlobalSection
EndGlobal
