
Microsoft Visual Studio Solution File, Format Version 12.00
# Visual Studio Version 16
VisualStudioVersion = 16.0.33801.447
MinimumVisualStudioVersion = 10.0.40219.1
Project("{FAE04EC0-301F-11D3-BF4B-00C04F79EFBC}") = "V8", "V8\V8.csproj", "{A0AC9A9E-B743-4334-A13E-B6C1F65707B1}"
EndProject
Global
	GlobalSection(SolutionConfigurationPlatforms) = preSolution
		Debug|Any CPU = Debug|Any CPU
		Release|Any CPU = Release|Any CPU
	EndGlobalSection
	GlobalSection(ProjectConfigurationPlatforms) = postSolution
		{A0AC9A9E-B743-4334-A13E-B6C1F65707B1}.Debug|Any CPU.ActiveCfg = Debug|Any CPU
		{A0AC9A9E-B743-4334-A13E-B6C1F65707B1}.Debug|Any CPU.Build.0 = Debug|Any CPU
		{A0AC9A9E-B743-4334-A13E-B6C1F65707B1}.Release|Any CPU.ActiveCfg = Release|Any CPU
		{A0AC9A9E-B743-4334-A13E-B6C1F65707B1}.Release|Any CPU.Build.0 = Release|Any CPU
	EndGlobalSection
	GlobalSection(SolutionProperties) = preSolution
		HideSolutionNode = FALSE
	EndGlobalSection
	GlobalSection(ExtensibilityGlobals) = postSolution
		SolutionGuid = {69EDFE80-26E2-4F6B-A41D-5B390DE27A66}
	EndGlobalSection
EndGlobal
